
Microsoft Visual Studio Solution File, Format Version 12.00
# Visual Studio Version 17
VisualStudioVersion = 17.4.33205.214
MinimumVisualStudioVersion = 10.0.40219.1
Project("{9A19103F-16F7-4668-BE54-9A1E7A4F7556}") = "Restaurant", "Restaurant\Restaurant.csproj", "{77ED6DF2-E87B-4267-893B-35144D66D090}"
EndProject
Project("{9A19103F-16F7-4668-BE54-9A1E7A4F7556}") = "Restaurant.Infrastructure", "Restaurant.Infrastructure\Restaurant.Infrastructure.csproj", "{FC771CA6-C578-4DB6-9AAA-38891A4E9929}"
EndProject
Project("{9A19103F-16F7-4668-BE54-9A1E7A4F7556}") = "Restaurant.Application", "Restaurant.Application\Restaurant.Application.csproj", "{AA438794-8E84-4889-B8A9-0E5621913A16}"
EndProject
Project("{9A19103F-16F7-4668-BE54-9A1E7A4F7556}") = "Restaurant.Domain", "Restaurant.Domain\Restaurant.Domain.csproj", "{735C6E56-125A-49B1-A287-D44CAA6FC7C8}"
EndProject
Project("{E53339B2-1760-4266-BCC7-CA923CBCF16C}") = "docker-compose", "docker-compose.dcproj", "{C8231254-BD8F-46A4-B9D8-703D8A2083BB}"
EndProject
Global
	GlobalSection(SolutionConfigurationPlatforms) = preSolution
		Debug|Any CPU = Debug|Any CPU
		Release|Any CPU = Release|Any CPU
	EndGlobalSection
	GlobalSection(ProjectConfigurationPlatforms) = postSolution
		{77ED6DF2-E87B-4267-893B-35144D66D090}.Debug|Any CPU.ActiveCfg = Debug|Any CPU
		{77ED6DF2-E87B-4267-893B-35144D66D090}.Debug|Any CPU.Build.0 = Debug|Any CPU
		{77ED6DF2-E87B-4267-893B-35144D66D090}.Release|Any CPU.ActiveCfg = Release|Any CPU
		{77ED6DF2-E87B-4267-893B-35144D66D090}.Release|Any CPU.Build.0 = Release|Any CPU
		{FC771CA6-C578-4DB6-9AAA-38891A4E9929}.Debug|Any CPU.ActiveCfg = Debug|Any CPU
		{FC771CA6-C578-4DB6-9AAA-38891A4E9929}.Debug|Any CPU.Build.0 = Debug|Any CPU
		{FC771CA6-C578-4DB6-9AAA-38891A4E9929}.Release|Any CPU.ActiveCfg = Release|Any CPU
		{FC771CA6-C578-4DB6-9AAA-38891A4E9929}.Release|Any CPU.Build.0 = Release|Any CPU
		{AA438794-8E84-4889-B8A9-0E5621913A16}.Debug|Any CPU.ActiveCfg = Debug|Any CPU
		{AA438794-8E84-4889-B8A9-0E5621913A16}.Debug|Any CPU.Build.0 = Debug|Any CPU
		{AA438794-8E84-4889-B8A9-0E5621913A16}.Release|Any CPU.ActiveCfg = Release|Any CPU
		{AA438794-8E84-4889-B8A9-0E5621913A16}.Release|Any CPU.Build.0 = Release|Any CPU
		{735C6E56-125A-49B1-A287-D44CAA6FC7C8}.Debug|Any CPU.ActiveCfg = Debug|Any CPU
		{735C6E56-125A-49B1-A287-D44CAA6FC7C8}.Debug|Any CPU.Build.0 = Debug|Any CPU
		{735C6E56-125A-49B1-A287-D44CAA6FC7C8}.Release|Any CPU.ActiveCfg = Release|Any CPU
		{735C6E56-125A-49B1-A287-D44CAA6FC7C8}.Release|Any CPU.Build.0 = Release|Any CPU
		{C8231254-BD8F-46A4-B9D8-703D8A2083BB}.Debug|Any CPU.ActiveCfg = Debug|Any CPU
		{C8231254-BD8F-46A4-B9D8-703D8A2083BB}.Debug|Any CPU.Build.0 = Debug|Any CPU
		{C8231254-BD8F-46A4-B9D8-703D8A2083BB}.Release|Any CPU.ActiveCfg = Release|Any CPU
		{C8231254-BD8F-46A4-B9D8-703D8A2083BB}.Release|Any CPU.Build.0 = Release|Any CPU
	EndGlobalSection
	GlobalSection(SolutionProperties) = preSolution
		HideSolutionNode = FALSE
	EndGlobalSection
	GlobalSection(ExtensibilityGlobals) = postSolution
		SolutionGuid = {73FBA98E-034E-4634-BD63-ADA5CB23CB8A}
	EndGlobalSection
EndGlobal
